
Microsoft Visual Studio Solution File, Format Version 12.00
# Visual Studio 2012
Project("{FAE04EC0-301F-11D3-BF4B-00C04F79EFBC}") = "WebApplication2", "WebApplication2\WebApplication2.csproj", "{C6D6E9C9-8492-4CAD-B1B1-B468BF82AE47}"
EndProject
Global
	GlobalSection(SolutionConfigurationPlatforms) = preSolution
		Debug|Any CPU = Debug|Any CPU
		Release|Any CPU = Release|Any CPU
	EndGlobalSection
	GlobalSection(ProjectConfigurationPlatforms) = postSolution
		{C6D6E9C9-8492-4CAD-B1B1-B468BF82AE47}.Debug|Any CPU.ActiveCfg = Debug|Any CPU
		{C6D6E9C9-8492-4CAD-B1B1-B468BF82AE47}.Debug|Any CPU.Build.0 = Debug|Any CPU
		{C6D6E9C9-8492-4CAD-B1B1-B468BF82AE47}.Release|Any CPU.ActiveCfg = Release|Any CPU
		{C6D6E9C9-8492-4CAD-B1B1-B468BF82AE47}.Release|Any CPU.Build.0 = Release|Any CPU
	EndGlobalSection
	GlobalSection(SolutionProperties) = preSolution
		HideSolutionNode = FALSE
	EndGlobalSection
EndGlobal
